Microsoft Visual Studio Solution File, Format Version 12.00
# Visual Studio Version 17
VisualStudioVersion = 17.11.35312.102
MinimumVisualStudioVersion = 10.0.40219.1
Project("{9A19103F-16F7-4668-BE54-9A1E7A4F7556}") = "lithuanian-language-learning-tool", "lithuanian-language-learning-tool\lithuanian-language-learning-tool.csproj", "{7B6CC177-93E3-4AB9-8AC6-D24E9810F22A}"
EndProject
Global
	GlobalSection(SolutionConfigurationPlatforms) = preSolution
		Debug|Any CPU = Debug|Any CPU
		Release|Any CPU = Release|Any CPU
	EndGlobalSection
	GlobalSection(ProjectConfigurationPlatforms) = postSolution
		{7B6CC177-93E3-4AB9-8AC6-D24E9810F22A}.Debug|Any CPU.ActiveCfg = Debug|Any CPU
		{7B6CC177-93E3-4AB9-8AC6-D24E9810F22A}.Debug|Any CPU.Build.0 = Debug|Any CPU
		{7B6CC177-93E3-4AB9-8AC6-D24E9810F22A}.Release|Any CPU.ActiveCfg = Release|Any CPU
		{7B6CC177-93E3-4AB9-8AC6-D24E9810F22A}.Release|Any CPU.Build.0 = Release|Any CPU
	EndGlobalSection
	GlobalSection(SolutionProperties) = preSolution
		HideSolutionNode = FALSE
	EndGlobalSection
	GlobalSection(ExtensibilityGlobals) = postSolution
		SolutionGuid = {DA2F5920-D115-448F-9F7B-614D4FA836A9}
	EndGlobalSection
EndGlobal